{
  "version": 4,
  "terraform_version": "1.2.9",
  "serial": 15,
  "lineage": "88119797-0c0a-2827-b6e2-32edf709dca6",
  "outputs": {},
  "resources": [
    {
      "mode": "managed",
      "type": "azurerm_eventhub",
      "name": "eventhub-name",
      "provider": "provider[\"registry.terraform.io/hashicorp/azurerm\"]",
      "instances": [
        {
          "schema_version": 0,
          "attributes": {
            "capture_description": [
              {
                "destination": [
                  {
                    "archive_name_format": "eventhubstorage/{Namespace}/{EventHub}/{PartitionId}/{Year}/{Month}/{Day}/{Hour}/{Minute}/{Second}",
                    "blob_container_name": "ppeedp",
                    "name": "EventHubArchive.AzureBlockBlob",
                    "storage_account_id": "/subscriptions/e6f22469-d358-47bd-8baf-bdea4c63edbd/resourceGroups/rg-edp-data-storage-platform/providers/Microsoft.Storage/storageAccounts/stppeedp"
                  }
                ],
                "enabled": true,
                "encoding": "Avro",
                "interval_in_seconds": 300,
                "size_limit_in_bytes": 314572800,
                "skip_empty_archives": false
              }
            ],
            "id": "/subscriptions/e6f22469-d358-47bd-8baf-bdea4c63edbd/resourceGroups/rg-terraform-ingest/providers/Microsoft.EventHub/namespaces/ns-evh-terraform-edpppe/eventhubs/sbr.vcr.ppe",
            "message_retention": 3,
            "name": "sbr.vcr.ppe",
            "namespace_name": "ns-evh-terraform-edpppe",
            "partition_count": 3,
            "partition_ids": [
              "0",
              "1",
              "2"
            ],
            "resource_group_name": "rg-terraform-ingest",
            "status": "Active",
            "timeouts": null
          },
          "sensitive_attributes": [],
          "private": "eyJlMmJmYjczMC1lY2FhLTExZTYtOGY4OC0zNDM2M2JjN2M0YzAiOnsiY3JlYXRlIjoxODAwMDAwMDAwMDAwLCJkZWxldGUiOjE4MDAwMDAwMDAwMDAsInJlYWQiOjMwMDAwMDAwMDAwMCwidXBkYXRlIjoxODAwMDAwMDAwMDAwfX0=",
          "dependencies": [
            "azurerm_eventhub_namespace.eventhub-namespace",
            "azurerm_resource_group.rg-terraform"
          ]
        }
      ]
    },
    {
      "mode": "managed",
      "type": "azurerm_eventhub_namespace",
      "name": "eventhub-namespace",
      "provider": "provider[\"registry.terraform.io/hashicorp/azurerm\"]",
      "instances": [
        {
          "schema_version": 0,
          "attributes": {
            "auto_inflate_enabled": false,
            "capacity": 1,
            "dedicated_cluster_id": "",
            "default_primary_connection_string": "Endpoint=sb://ns-evh-terraform-edpppe.servicebus.windows.net/;SharedAccessKeyName=RootManageSharedAccessKey;SharedAccessKey=WttS8mR4bAyAJSwGw3K98MMDKTpJ8NUg4J5HjPKVb88=",
            "default_primary_connection_string_alias": "",
            "default_primary_key": "WttS8mR4bAyAJSwGw3K98MMDKTpJ8NUg4J5HjPKVb88=",
            "default_secondary_connection_string": "Endpoint=sb://ns-evh-terraform-edpppe.servicebus.windows.net/;SharedAccessKeyName=RootManageSharedAccessKey;SharedAccessKey=TpTpFNbERIXcXHHDGlwi+qHWP/I22cQy8q8ELTE5o70=",
            "default_secondary_connection_string_alias": "",
            "default_secondary_key": "TpTpFNbERIXcXHHDGlwi+qHWP/I22cQy8q8ELTE5o70=",
            "id": "/subscriptions/e6f22469-d358-47bd-8baf-bdea4c63edbd/resourceGroups/rg-terraform-ingest/providers/Microsoft.EventHub/namespaces/ns-evh-terraform-edpppe",
            "identity": [],
            "location": "uaenorth",
            "maximum_throughput_units": 0,
            "name": "ns-evh-terraform-edpppe",
            "network_rulesets": [
              {
                "default_action": "Deny",
                "ip_rule": [],
                "trusted_service_access_enabled": false,
                "virtual_network_rule": []
              }
            ],
            "resource_group_name": "rg-terraform-ingest",
            "sku": "Standard",
            "tags": {
              "env": "dev",
              "project": "edp1"
            },
            "timeouts": null,
            "zone_redundant": false
          },
          "sensitive_attributes": [],
          "private": "eyJlMmJmYjczMC1lY2FhLTExZTYtOGY4OC0zNDM2M2JjN2M0YzAiOnsiY3JlYXRlIjoxODAwMDAwMDAwMDAwLCJkZWxldGUiOjE4MDAwMDAwMDAwMDAsInJlYWQiOjMwMDAwMDAwMDAwMCwidXBkYXRlIjoxODAwMDAwMDAwMDAwfX0=",
          "dependencies": [
            "azurerm_resource_group.rg-terraform"
          ]
        }
      ]
    },
    {
      "mode": "managed",
      "type": "azurerm_network_security_group",
      "name": "rg-terraformnsg",
      "provider": "provider[\"registry.terraform.io/hashicorp/azurerm\"]",
      "instances": [
        {
          "schema_version": 0,
          "attributes": {
            "id": "/subscriptions/e6f22469-d358-47bd-8baf-bdea4c63edbd/resourceGroups/rg-terraform-ingest/providers/Microsoft.Network/networkSecurityGroups/nsg-terraform-ingest",
            "location": "uaenorth",
            "name": "nsg-terraform-ingest",
            "resource_group_name": "rg-terraform-ingest",
            "security_rule": [],
            "tags": {
              "env": "dev",
              "project": "edp1"
            },
            "timeouts": null
          },
          "sensitive_attributes": [],
          "private": "eyJlMmJmYjczMC1lY2FhLTExZTYtOGY4OC0zNDM2M2JjN2M0YzAiOnsiY3JlYXRlIjoxODAwMDAwMDAwMDAwLCJkZWxldGUiOjE4MDAwMDAwMDAwMDAsInJlYWQiOjMwMDAwMDAwMDAwMCwidXBkYXRlIjoxODAwMDAwMDAwMDAwfX0=",
          "dependencies": [
            "azurerm_resource_group.rg-terraform"
          ]
        }
      ]
    },
    {
      "mode": "managed",
      "type": "azurerm_resource_group",
      "name": "rg-terraform",
      "provider": "provider[\"registry.terraform.io/hashicorp/azurerm\"]",
      "instances": [
        {
          "schema_version": 0,
          "attributes": {
            "id": "/subscriptions/e6f22469-d358-47bd-8baf-bdea4c63edbd/resourceGroups/rg-terraform-ingest",
            "location": "uaenorth",
            "name": "rg-terraform-ingest",
            "tags": {
              "env": "dev",
              "project": "edp1"
            },
            "timeouts": null
          },
          "sensitive_attributes": [],
          "private": "eyJlMmJmYjczMC1lY2FhLTExZTYtOGY4OC0zNDM2M2JjN2M0YzAiOnsiY3JlYXRlIjo1NDAwMDAwMDAwMDAwLCJkZWxldGUiOjU0MDAwMDAwMDAwMDAsInJlYWQiOjMwMDAwMDAwMDAwMCwidXBkYXRlIjo1NDAwMDAwMDAwMDAwfX0="
        }
      ]
    },
    {
      "mode": "managed",
      "type": "azurerm_virtual_network",
      "name": "rg-terraform-vnet",
      "provider": "provider[\"registry.terraform.io/hashicorp/azurerm\"]",
      "instances": [
        {
          "schema_version": 0,
          "attributes": {
            "address_space": [
              "172.16.36.0/22"
            ],
            "bgp_community": "",
            "ddos_protection_plan": [],
            "dns_servers": [
              "172.16.37.4",
              "172.16.37.5"
            ],
            "edge_zone": "",
            "flow_timeout_in_minutes": 0,
            "guid": "fd625fb8-db09-427c-bde0-81c6aa53148e",
            "id": "/subscriptions/e6f22469-d358-47bd-8baf-bdea4c63edbd/resourceGroups/rg-terraform-ingest/providers/Microsoft.Network/virtualNetworks/vnet-ppe-edp-uaenorth-terraform",
            "location": "uaenorth",
            "name": "vnet-ppe-edp-uaenorth-terraform",
            "resource_group_name": "rg-terraform-ingest",
            "subnet": [
              {
                "address_prefix": "172.16.36.0/25",
                "id": "/subscriptions/e6f22469-d358-47bd-8baf-bdea4c63edbd/resourceGroups/rg-terraform-ingest/providers/Microsoft.Network/virtualNetworks/vnet-ppe-edp-uaenorth-terraform/subnets/subnet-ppe-edp-uaenorth-ingestion-terraform",
                "name": "subnet-ppe-edp-uaenorth-ingestion-terraform",
                "security_group": ""
              },
              {
                "address_prefix": "172.16.36.128/25",
                "id": "/subscriptions/e6f22469-d358-47bd-8baf-bdea4c63edbd/resourceGroups/rg-terraform-ingest/providers/Microsoft.Network/virtualNetworks/vnet-ppe-edp-uaenorth-terraform/subnets/subnet-ppe-edp-uaenorth-ingestion-terraform-2",
                "name": "subnet-ppe-edp-uaenorth-ingestion-terraform-2",
                "security_group": "/subscriptions/e6f22469-d358-47bd-8baf-bdea4c63edbd/resourceGroups/rg-terraform-ingest/providers/Microsoft.Network/networkSecurityGroups/nsg-terraform-ingest"
              }
            ],
            "tags": {
              "env": "dev",
              "project": "edp1"
            },
            "timeouts": null
          },
          "sensitive_attributes": [],
          "private": "eyJlMmJmYjczMC1lY2FhLTExZTYtOGY4OC0zNDM2M2JjN2M0YzAiOnsiY3JlYXRlIjoxODAwMDAwMDAwMDAwLCJkZWxldGUiOjE4MDAwMDAwMDAwMDAsInJlYWQiOjMwMDAwMDAwMDAwMCwidXBkYXRlIjoxODAwMDAwMDAwMDAwfX0=",
          "dependencies": [
            "azurerm_network_security_group.rg-terraformnsg",
            "azurerm_resource_group.rg-terraform"
          ]
        }
      ]
    }
  ]
}
