{
  "version": 4,
  "terraform_version": "1.2.9",
  "serial": 3,
  "lineage": "88119797-0c0a-2827-b6e2-32edf709dca6",
  "outputs": {},
  "resources": [
    {
      "mode": "managed",
      "type": "azurerm_resource_group",
      "name": "rg-terraform",
      "provider": "provider[\"registry.terraform.io/hashicorp/azurerm\"]",
      "instances": [
        {
          "schema_version": 0,
          "attributes": {
            "id": "/subscriptions/e6f22469-d358-47bd-8baf-bdea4c63edbd/resourceGroups/rg-terraform",
            "location": "uaenorth",
            "name": "rg-terraform",
            "tags": {
              "env": "dev",
              "project": "edp1"
            },
            "timeouts": null
          },
          "sensitive_attributes": [],
          "private": "eyJlMmJmYjczMC1lY2FhLTExZTYtOGY4OC0zNDM2M2JjN2M0YzAiOnsiY3JlYXRlIjo1NDAwMDAwMDAwMDAwLCJkZWxldGUiOjU0MDAwMDAwMDAwMDAsInJlYWQiOjMwMDAwMDAwMDAwMCwidXBkYXRlIjo1NDAwMDAwMDAwMDAwfX0="
        }
      ]
    }
  ]
}
